{
    "_readme": [
        "This file locks the dependencies of your project to a known state",
        "Read more about it at https://getcomposer.org/doc/01-basic-usage.md#composer-lock-the-lock-file",
        "This file is @generated automatically"
    ],
    "hash": "194bb393f4e2771530174921be8c1ab7",
    "content-hash": "523fe760c0b7511fd58f0ed73655f67e",
    "packages": [
        {
            "name": "adoy/oauth2",
            "version": "dev-master",
            "source": {
                "type": "git",
                "url": "https://github.com/tlshaheen/PHP-OAuth2.git",
                "reference": "4071d9cd8eedc8a6e97ecbefeab4093aec6fff2b"
            },
            "dist": {
                "type": "zip",
                "url": "https://api.github.com/repos/tlshaheen/PHP-OAuth2/zipball/4071d9cd8eedc8a6e97ecbefeab4093aec6fff2b",
                "reference": "4071d9cd8eedc8a6e97ecbefeab4093aec6fff2b",
                "shasum": ""
            },
            "require": {
                "php": ">=5.3.0"
            },
            "type": "library",
            "autoload": {
                "psr-0": {
                    "OAuth2": "src/"
                }
            },
            "license": [
                "LGPL-2.1"
            ],
            "authors": [
                {
                    "name": "Charron Pierrick",
                    "email": "pierrick@webstart.fr"
                },
                {
                    "name": "Berejeb Anis",
                    "email": "anis.berejeb@gmail.com"
                }
            ],
            "description": "Light PHP wrapper for the OAuth 2.0 protocol (based on OAuth 2.0 Authorization Protocol draft-ietf-oauth-v2-15)",
            "support": {
                "source": "https://github.com/tlshaheen/PHP-OAuth2/tree/master"
            },
            "time": "2016-07-19 12:49:11"
        }
    ],
    "packages-dev": [],
    "aliases": [],
    "minimum-stability": "stable",
    "stability-flags": {
        "adoy/oauth2": 20
    },
    "prefer-stable": false,
    "prefer-lowest": false,
    "platform": {
        "php": ">=7.0.0"
    },
    "platform-dev": []
}
